// !$*UTF8*$!
{
	archiveVersion = 1;
	classes = {
	};
	objectVersion = 56;
	objects = {

/* Begin PBXBuildFile section */
		000000000000000000000034 /* VelobriereApp.swift in Sources */ = {isa = PBXBuildFile; fileRef = 00000000000000000000002E /* VelobriereApp.swift */; };
		000000000000000000000035 /* RootTabView.swift in Sources */ = {isa = PBXBuildFile; fileRef = 00000000000000000000002F /* RootTabView.swift */; };
		000000000000000000000036 /* Theme.swift in Sources */ = {isa = PBXBuildFile; fileRef = 000000000000000000000001 /* Theme.swift */; };
		000000000000000000000037 /* Bike.swift in Sources */ = {isa = PBXBuildFile; fileRef = 000000000000000000000003 /* Bike.swift */; };
		000000000000000000000038 /* BikeVariant.swift in Sources */ = {isa = PBXBuildFile; fileRef = 000000000000000000000004 /* BikeVariant.swift */; };
		000000000000000000000039 /* Reservation.swift in Sources */ = {isa = PBXBuildFile; fileRef = 000000000000000000000005 /* Reservation.swift */; };
		00000000000000000000003A /* CountryCode.swift in Sources */ = {isa = PBXBuildFile; fileRef = 000000000000000000000006 /* CountryCode.swift */; };
		00000000000000000000003B /* PricingOption.swift in Sources */ = {isa = PBXBuildFile; fileRef = 000000000000000000000007 /* PricingOption.swift */; };
		00000000000000000000003C /* LegalDocument.swift in Sources */ = {isa = PBXBuildFile; fileRef = 000000000000000000000008 /* LegalDocument.swift */; };
		00000000000000000000003D /* Payment.swift in Sources */ = {isa = PBXBuildFile; fileRef = 000000000000000000000009 /* Payment.swift */; };
		00000000000000000000003E /* Invoice.swift in Sources */ = {isa = PBXBuildFile; fileRef = 00000000000000000000000A /* Invoice.swift */; };
		00000000000000000000003F /* CancellationPolicy.swift in Sources */ = {isa = PBXBuildFile; fileRef = 00000000000000000000000B /* CancellationPolicy.swift */; };
		000000000000000000000040 /* BikeCatalog.swift in Sources */ = {isa = PBXBuildFile; fileRef = 00000000000000000000000D /* BikeCatalog.swift */; };
		000000000000000000000041 /* ReservationStore.swift in Sources */ = {isa = PBXBuildFile; fileRef = 00000000000000000000000E /* ReservationStore.swift */; };
		000000000000000000000042 /* LegalContent.swift in Sources */ = {isa = PBXBuildFile; fileRef = 00000000000000000000000F /* LegalContent.swift */; };
		000000000000000000000043 /* PaymentService.swift in Sources */ = {isa = PBXBuildFile; fileRef = 000000000000000000000010 /* PaymentService.swift */; };
		000000000000000000000044 /* InvoiceStore.swift in Sources */ = {isa = PBXBuildFile; fileRef = 000000000000000000000011 /* InvoiceStore.swift */; };
		000000000000000000000045 /* PrimaryButton.swift in Sources */ = {isa = PBXBuildFile; fileRef = 000000000000000000000013 /* PrimaryButton.swift */; };
		000000000000000000000046 /* EmptyStateView.swift in Sources */ = {isa = PBXBuildFile; fileRef = 000000000000000000000014 /* EmptyStateView.swift */; };
		000000000000000000000047 /* CatalogView.swift in Sources */ = {isa = PBXBuildFile; fileRef = 000000000000000000000016 /* CatalogView.swift */; };
		000000000000000000000048 /* BikeCardView.swift in Sources */ = {isa = PBXBuildFile; fileRef = 000000000000000000000017 /* BikeCardView.swift */; };
		000000000000000000000049 /* BikeDetailView.swift in Sources */ = {isa = PBXBuildFile; fileRef = 000000000000000000000019 /* BikeDetailView.swift */; };
		00000000000000000000004A /* NewReservationView.swift in Sources */ = {isa = PBXBuildFile; fileRef = 00000000000000000000001B /* NewReservationView.swift */; };
		00000000000000000000004B /* ReservationConfirmationView.swift in Sources */ = {isa = PBXBuildFile; fileRef = 00000000000000000000001C /* ReservationConfirmationView.swift */; };
		00000000000000000000004C /* AvailabilityCalendarView.swift in Sources */ = {isa = PBXBuildFile; fileRef = 00000000000000000000001D /* AvailabilityCalendarView.swift */; };
		00000000000000000000004D /* CheckoutView.swift in Sources */ = {isa = PBXBuildFile; fileRef = 00000000000000000000001E /* CheckoutView.swift */; };
		00000000000000000000004E /* MyReservationsView.swift in Sources */ = {isa = PBXBuildFile; fileRef = 000000000000000000000020 /* MyReservationsView.swift */; };
		00000000000000000000004F /* ReservationRowView.swift in Sources */ = {isa = PBXBuildFile; fileRef = 000000000000000000000021 /* ReservationRowView.swift */; };
		000000000000000000000050 /* ReservationDetailView.swift in Sources */ = {isa = PBXBuildFile; fileRef = 000000000000000000000022 /* ReservationDetailView.swift */; };
		000000000000000000000051 /* LegalInfoView.swift in Sources */ = {isa = PBXBuildFile; fileRef = 000000000000000000000028 /* LegalInfoView.swift */; };
		000000000000000000000052 /* LegalDocumentView.swift in Sources */ = {isa = PBXBuildFile; fileRef = 000000000000000000000029 /* LegalDocumentView.swift */; };
		000000000000000000000053 /* InvoiceDocumentView.swift in Sources */ = {isa = PBXBuildFile; fileRef = 000000000000000000000026 /* InvoiceDocumentView.swift */; };
		000000000000000000000054 /* HomeView.swift in Sources */ = {isa = PBXBuildFile; fileRef = 000000000000000000000024 /* HomeView.swift */; };
		000000000000000000000055 /* Assets.xcassets in Resources */ = {isa = PBXBuildFile; fileRef = 00000000000000000000002C /* Assets.xcassets */; };
/* End PBXBuildFile section */

/* Begin PBXFileReference section */
		000000000000000000000001 /* Theme.swift */ = {isa = PBXFileReference; lastKnownFileType = sourcecode.swift; path = "DesignSystem/Theme.swift"; sourceTree = "<group>"; };
		000000000000000000000003 /* Bike.swift */ = {isa = PBXFileReference; lastKnownFileType = sourcecode.swift; path = "Models/Bike.swift"; sourceTree = "<group>"; };
		000000000000000000000004 /* BikeVariant.swift */ = {isa = PBXFileReference; lastKnownFileType = sourcecode.swift; path = "Models/BikeVariant.swift"; sourceTree = "<group>"; };
		000000000000000000000005 /* Reservation.swift */ = {isa = PBXFileReference; lastKnownFileType = sourcecode.swift; path = "Models/Reservation.swift"; sourceTree = "<group>"; };
		000000000000000000000006 /* CountryCode.swift */ = {isa = PBXFileReference; lastKnownFileType = sourcecode.swift; path = "Models/CountryCode.swift"; sourceTree = "<group>"; };
		000000000000000000000007 /* PricingOption.swift */ = {isa = PBXFileReference; lastKnownFileType = sourcecode.swift; path = "Models/PricingOption.swift"; sourceTree = "<group>"; };
		000000000000000000000008 /* LegalDocument.swift */ = {isa = PBXFileReference; lastKnownFileType = sourcecode.swift; path = "Models/LegalDocument.swift"; sourceTree = "<group>"; };
		000000000000000000000009 /* Payment.swift */ = {isa = PBXFileReference; lastKnownFileType = sourcecode.swift; path = "Models/Payment.swift"; sourceTree = "<group>"; };
		00000000000000000000000A /* Invoice.swift */ = {isa = PBXFileReference; lastKnownFileType = sourcecode.swift; path = "Models/Invoice.swift"; sourceTree = "<group>"; };
		00000000000000000000000B /* CancellationPolicy.swift */ = {isa = PBXFileReference; lastKnownFileType = sourcecode.swift; path = "Models/CancellationPolicy.swift"; sourceTree = "<group>"; };
		00000000000000000000000D /* BikeCatalog.swift */ = {isa = PBXFileReference; lastKnownFileType = sourcecode.swift; path = "Data/BikeCatalog.swift"; sourceTree = "<group>"; };
		00000000000000000000000E /* ReservationStore.swift */ = {isa = PBXFileReference; lastKnownFileType = sourcecode.swift; path = "Data/ReservationStore.swift"; sourceTree = "<group>"; };
		00000000000000000000000F /* LegalContent.swift */ = {isa = PBXFileReference; lastKnownFileType = sourcecode.swift; path = "Data/LegalContent.swift"; sourceTree = "<group>"; };
		000000000000000000000010 /* PaymentService.swift */ = {isa = PBXFileReference; lastKnownFileType = sourcecode.swift; path = "Data/PaymentService.swift"; sourceTree = "<group>"; };
		000000000000000000000011 /* InvoiceStore.swift */ = {isa = PBXFileReference; lastKnownFileType = sourcecode.swift; path = "Data/InvoiceStore.swift"; sourceTree = "<group>"; };
		000000000000000000000013 /* PrimaryButton.swift */ = {isa = PBXFileReference; lastKnownFileType = sourcecode.swift; path = "Views/Components/PrimaryButton.swift"; sourceTree = "<group>"; };
		000000000000000000000014 /* EmptyStateView.swift */ = {isa = PBXFileReference; lastKnownFileType = sourcecode.swift; path = "Views/Components/EmptyStateView.swift"; sourceTree = "<group>"; };
		000000000000000000000016 /* CatalogView.swift */ = {isa = PBXFileReference; lastKnownFileType = sourcecode.swift; path = "Views/Catalog/CatalogView.swift"; sourceTree = "<group>"; };
		000000000000000000000017 /* BikeCardView.swift */ = {isa = PBXFileReference; lastKnownFileType = sourcecode.swift; path = "Views/Catalog/BikeCardView.swift"; sourceTree = "<group>"; };
		000000000000000000000019 /* BikeDetailView.swift */ = {isa = PBXFileReference; lastKnownFileType = sourcecode.swift; path = "Views/BikeDetail/BikeDetailView.swift"; sourceTree = "<group>"; };
		00000000000000000000001B /* NewReservationView.swift */ = {isa = PBXFileReference; lastKnownFileType = sourcecode.swift; path = "Views/Reservation/NewReservationView.swift"; sourceTree = "<group>"; };
		00000000000000000000001C /* ReservationConfirmationView.swift */ = {isa = PBXFileReference; lastKnownFileType = sourcecode.swift; path = "Views/Reservation/ReservationConfirmationView.swift"; sourceTree = "<group>"; };
		00000000000000000000001D /* AvailabilityCalendarView.swift */ = {isa = PBXFileReference; lastKnownFileType = sourcecode.swift; path = "Views/Reservation/AvailabilityCalendarView.swift"; sourceTree = "<group>"; };
		00000000000000000000001E /* CheckoutView.swift */ = {isa = PBXFileReference; lastKnownFileType = sourcecode.swift; path = "Views/Reservation/CheckoutView.swift"; sourceTree = "<group>"; };
		000000000000000000000020 /* MyReservationsView.swift */ = {isa = PBXFileReference; lastKnownFileType = sourcecode.swift; path = "Views/MyReservations/MyReservationsView.swift"; sourceTree = "<group>"; };
		000000000000000000000021 /* ReservationRowView.swift */ = {isa = PBXFileReference; lastKnownFileType = sourcecode.swift; path = "Views/MyReservations/ReservationRowView.swift"; sourceTree = "<group>"; };
		000000000000000000000022 /* ReservationDetailView.swift */ = {isa = PBXFileReference; lastKnownFileType = sourcecode.swift; path = "Views/MyReservations/ReservationDetailView.swift"; sourceTree = "<group>"; };
		000000000000000000000024 /* HomeView.swift */ = {isa = PBXFileReference; lastKnownFileType = sourcecode.swift; path = "Views/Home/HomeView.swift"; sourceTree = "<group>"; };
		000000000000000000000026 /* InvoiceDocumentView.swift */ = {isa = PBXFileReference; lastKnownFileType = sourcecode.swift; path = "Views/Invoices/InvoiceDocumentView.swift"; sourceTree = "<group>"; };
		000000000000000000000028 /* LegalInfoView.swift */ = {isa = PBXFileReference; lastKnownFileType = sourcecode.swift; path = "Views/Legal/LegalInfoView.swift"; sourceTree = "<group>"; };
		000000000000000000000029 /* LegalDocumentView.swift */ = {isa = PBXFileReference; lastKnownFileType = sourcecode.swift; path = "Views/Legal/LegalDocumentView.swift"; sourceTree = "<group>"; };
		00000000000000000000002C /* Assets.xcassets */ = {isa = PBXFileReference; lastKnownFileType = folder.assetcatalog; path = "Resources/Assets.xcassets"; sourceTree = "<group>"; };
		00000000000000000000002E /* VelobriereApp.swift */ = {isa = PBXFileReference; lastKnownFileType = sourcecode.swift; path = "VelobriereApp.swift"; sourceTree = "<group>"; };
		00000000000000000000002F /* RootTabView.swift */ = {isa = PBXFileReference; lastKnownFileType = sourcecode.swift; path = "RootTabView.swift"; sourceTree = "<group>"; };
		000000000000000000000031 /* Velobriere.app */ = {isa = PBXFileReference; explicitFileType = wrapper.application; includeInIndex = 0; path = "Velobriere.app"; sourceTree = "BUILT_PRODUCTS_DIR"; };
/* End PBXFileReference section */

/* Begin PBXFrameworksBuildPhase section */
		00000000000000000000005A /* Frameworks */ = {
			isa = PBXFrameworksBuildPhase;
			buildActionMask = 2147483647;
			files = (
			);
			runOnlyForDeploymentPostprocessing = 0;
		};
/* End PBXFrameworksBuildPhase section */

/* Begin PBXGroup section */
		000000000000000000000002 = {
			isa = PBXGroup;
			children = (
				000000000000000000000001 /* Theme.swift */,
			);
			name = "DesignSystem";
			sourceTree = "<group>";
		};
		00000000000000000000000C = {
			isa = PBXGroup;
			children = (
				000000000000000000000003 /* Bike.swift */,
				000000000000000000000004 /* BikeVariant.swift */,
				000000000000000000000005 /* Reservation.swift */,
				000000000000000000000006 /* CountryCode.swift */,
				000000000000000000000007 /* PricingOption.swift */,
				000000000000000000000008 /* LegalDocument.swift */,
				000000000000000000000009 /* Payment.swift */,
				00000000000000000000000A /* Invoice.swift */,
				00000000000000000000000B /* CancellationPolicy.swift */,
			);
			name = "Models";
			sourceTree = "<group>";
		};
		000000000000000000000012 = {
			isa = PBXGroup;
			children = (
				00000000000000000000000D /* BikeCatalog.swift */,
				00000000000000000000000E /* ReservationStore.swift */,
				00000000000000000000000F /* LegalContent.swift */,
				000000000000000000000010 /* PaymentService.swift */,
				000000000000000000000011 /* InvoiceStore.swift */,
			);
			name = "Data";
			sourceTree = "<group>";
		};
		000000000000000000000015 = {
			isa = PBXGroup;
			children = (
				000000000000000000000013 /* PrimaryButton.swift */,
				000000000000000000000014 /* EmptyStateView.swift */,
			);
			name = "Components";
			sourceTree = "<group>";
		};
		000000000000000000000018 = {
			isa = PBXGroup;
			children = (
				000000000000000000000016 /* CatalogView.swift */,
				000000000000000000000017 /* BikeCardView.swift */,
			);
			name = "Catalog";
			sourceTree = "<group>";
		};
		00000000000000000000001A = {
			isa = PBXGroup;
			children = (
				000000000000000000000019 /* BikeDetailView.swift */,
			);
			name = "BikeDetail";
			sourceTree = "<group>";
		};
		00000000000000000000001F = {
			isa = PBXGroup;
			children = (
				00000000000000000000001B /* NewReservationView.swift */,
				00000000000000000000001C /* ReservationConfirmationView.swift */,
				00000000000000000000001D /* AvailabilityCalendarView.swift */,
				00000000000000000000001E /* CheckoutView.swift */,
			);
			name = "Reservation";
			sourceTree = "<group>";
		};
		000000000000000000000023 = {
			isa = PBXGroup;
			children = (
				000000000000000000000020 /* MyReservationsView.swift */,
				000000000000000000000021 /* ReservationRowView.swift */,
				000000000000000000000022 /* ReservationDetailView.swift */,
			);
			name = "MyReservations";
			sourceTree = "<group>";
		};
		000000000000000000000025 = {
			isa = PBXGroup;
			children = (
				000000000000000000000024 /* HomeView.swift */,
			);
			name = "Home";
			sourceTree = "<group>";
		};
		000000000000000000000027 = {
			isa = PBXGroup;
			children = (
				000000000000000000000026 /* InvoiceDocumentView.swift */,
			);
			name = "Invoices";
			sourceTree = "<group>";
		};
		00000000000000000000002A = {
			isa = PBXGroup;
			children = (
				000000000000000000000028 /* LegalInfoView.swift */,
				000000000000000000000029 /* LegalDocumentView.swift */,
			);
			name = "Legal";
			sourceTree = "<group>";
		};
		00000000000000000000002B = {
			isa = PBXGroup;
			children = (
				000000000000000000000025 /* Home */,
				000000000000000000000015 /* Components */,
				000000000000000000000018 /* Catalog */,
				00000000000000000000001A /* BikeDetail */,
				00000000000000000000001F /* Reservation */,
				000000000000000000000023 /* MyReservations */,
				000000000000000000000027 /* Invoices */,
				00000000000000000000002A /* Legal */,
			);
			name = "Views";
			sourceTree = "<group>";
		};
		00000000000000000000002D = {
			isa = PBXGroup;
			children = (
				00000000000000000000002C /* Assets.xcassets */,
			);
			name = "Resources";
			sourceTree = "<group>";
		};
		000000000000000000000030 = {
			isa = PBXGroup;
			children = (
				00000000000000000000002E /* VelobriereApp.swift */,
				00000000000000000000002F /* RootTabView.swift */,
				000000000000000000000002 /* DesignSystem */,
				00000000000000000000000C /* Models */,
				000000000000000000000012 /* Data */,
				00000000000000000000002B /* Views */,
				00000000000000000000002D /* Resources */,
			);
			name = "Velobriere";
			path = "Velobriere";
			sourceTree = "<group>";
		};
		000000000000000000000032 = {
			isa = PBXGroup;
			children = (
				000000000000000000000031 /* Velobriere.app */,
			);
			name = "Products";
			sourceTree = "<group>";
		};
		000000000000000000000033 = {
			isa = PBXGroup;
			children = (
				000000000000000000000030 /* Velobriere */,
				000000000000000000000032 /* Products */,
			);
			sourceTree = "<group>";
		};
/* End PBXGroup section */

/* Begin PBXNativeTarget section */
		000000000000000000000056 /* Velobriere */ = {
			isa = PBXNativeTarget;
			buildConfigurationList = 00000000000000000000005D /* Build configuration list for PBXNativeTarget "Velobriere" */;
			buildPhases = (
				000000000000000000000058 /* Sources */,
				00000000000000000000005A /* Frameworks */,
				000000000000000000000059 /* Resources */,
			);
			buildRules = (
			);
			dependencies = (
			);
			name = Velobriere;
			productName = Velobriere;
			productReference = 000000000000000000000031 /* Velobriere.app */;
			productType = "com.apple.product-type.application";
		};
/* End PBXNativeTarget section */

/* Begin PBXProject section */
		000000000000000000000057 /* Project object */ = {
			isa = PBXProject;
			attributes = {
				BuildIndependentTargetsInParallel = 1;
				LastSwiftUpdateCheck = 1520;
				LastUpgradeCheck = 1520;
				TargetAttributes = {
					000000000000000000000056 = {
						CreatedOnToolsVersion = 15.2;
					};
				};
			};
			buildConfigurationList = 000000000000000000000060 /* Build configuration list for PBXProject "Velobriere" */;
			compatibilityVersion = "Xcode 14.0";
			developmentRegion = fr;
			hasScannedForEncodings = 0;
			knownRegions = (
				fr,
				Base,
			);
			mainGroup = 000000000000000000000033;
			productRefGroup = 000000000000000000000032 /* Products */;
			projectDirPath = "";
			projectRoot = "";
			targets = (
				000000000000000000000056 /* Velobriere */,
			);
		};
/* End PBXProject section */

/* Begin PBXResourcesBuildPhase section */
		000000000000000000000059 /* Resources */ = {
			isa = PBXResourcesBuildPhase;
			buildActionMask = 2147483647;
			files = (
				000000000000000000000055 /* Assets.xcassets in Resources */,
			);
			runOnlyForDeploymentPostprocessing = 0;
		};
/* End PBXResourcesBuildPhase section */

/* Begin PBXSourcesBuildPhase section */
		000000000000000000000058 /* Sources */ = {
			isa = PBXSourcesBuildPhase;
			buildActionMask = 2147483647;
			files = (
				000000000000000000000034 /* VelobriereApp.swift in Sources */,
				000000000000000000000035 /* RootTabView.swift in Sources */,
				000000000000000000000036 /* Theme.swift in Sources */,
				000000000000000000000037 /* Bike.swift in Sources */,
				000000000000000000000038 /* BikeVariant.swift in Sources */,
				000000000000000000000039 /* Reservation.swift in Sources */,
				00000000000000000000003A /* CountryCode.swift in Sources */,
				00000000000000000000003B /* PricingOption.swift in Sources */,
				00000000000000000000003C /* LegalDocument.swift in Sources */,
				00000000000000000000003D /* Payment.swift in Sources */,
				00000000000000000000003E /* Invoice.swift in Sources */,
				00000000000000000000003F /* CancellationPolicy.swift in Sources */,
				000000000000000000000040 /* BikeCatalog.swift in Sources */,
				000000000000000000000041 /* ReservationStore.swift in Sources */,
				000000000000000000000042 /* LegalContent.swift in Sources */,
				000000000000000000000043 /* PaymentService.swift in Sources */,
				000000000000000000000044 /* InvoiceStore.swift in Sources */,
				000000000000000000000045 /* PrimaryButton.swift in Sources */,
				000000000000000000000046 /* EmptyStateView.swift in Sources */,
				000000000000000000000047 /* CatalogView.swift in Sources */,
				000000000000000000000048 /* BikeCardView.swift in Sources */,
				000000000000000000000049 /* BikeDetailView.swift in Sources */,
				00000000000000000000004A /* NewReservationView.swift in Sources */,
				00000000000000000000004B /* ReservationConfirmationView.swift in Sources */,
				00000000000000000000004C /* AvailabilityCalendarView.swift in Sources */,
				00000000000000000000004D /* CheckoutView.swift in Sources */,
				00000000000000000000004E /* MyReservationsView.swift in Sources */,
				00000000000000000000004F /* ReservationRowView.swift in Sources */,
				000000000000000000000050 /* ReservationDetailView.swift in Sources */,
				000000000000000000000051 /* LegalInfoView.swift in Sources */,
				000000000000000000000052 /* LegalDocumentView.swift in Sources */,
				000000000000000000000053 /* InvoiceDocumentView.swift in Sources */,
				000000000000000000000054 /* HomeView.swift in Sources */,
			);
			runOnlyForDeploymentPostprocessing = 0;
		};
/* End PBXSourcesBuildPhase section */

/* Begin XCBuildConfiguration section */
		00000000000000000000005E /* Debug */ = {
			isa = XCBuildConfiguration;
			buildSettings = {
			ALWAYS_SEARCH_USER_PATHS = NO;
			ASSETCATALOG_COMPILER_GENERATE_SWIFT_ASSET_SYMBOL_EXTENSIONS = YES;
			CLANG_ANALYZER_NONNULL = YES;
			CLANG_ANALYZER_NUMBER_OBJECT_CONVERSION = YES_AGGRESSIVE;
			CLANG_CXX_LANGUAGE_STANDARD = "gnu++20";
			CLANG_ENABLE_MODULES = YES;
			CLANG_ENABLE_OBJC_ARC = YES;
			CLANG_ENABLE_OBJC_WEAK = YES;
			CLANG_WARN_BLOCK_CAPTURE_AUTORELEASING_UNSAFE_ITER = YES;
			CLANG_WARN_BOOL_CONVERSION = YES;
			CLANG_WARN_COMMA = YES;
			CLANG_WARN_CONSTANT_CONVERSION = YES;
			CLANG_WARN_DEPRECATED_OBJC_IMPLEMENTATIONS = YES;
			CLANG_WARN_DIRECT_OBJC_ISA_USAGE = YES_ERROR;
			CLANG_WARN_DOCUMENTATION_COMMENTS = YES;
			CLANG_WARN_EMPTY_BODY = YES;
			CLANG_WARN_ENUM_CONVERSION = YES;
			CLANG_WARN_INFINITE_RECURSION = YES;
			CLANG_WARN_INT_CONVERSION = YES;
			CLANG_WARN_NON_LITERAL_NULL_CONVERSION = YES;
			CLANG_WARN_OBJC_IMPLICIT_RETAIN_SELF = YES;
			CLANG_WARN_OBJC_LITERAL_CONVERSION = YES;
			CLANG_WARN_OBJC_ROOT_CLASS = YES_ERROR;
			CLANG_WARN_QUOTED_INCLUDE_IN_FRAMEWORK_HEADER = YES;
			CLANG_WARN_RANGE_LOOP_ANALYSIS = YES;
			CLANG_WARN_STRICT_PROTOTYPES = YES;
			CLANG_WARN_SUSPICIOUS_MOVE = YES;
			CLANG_WARN_UNGUARDED_AVAILABILITY = YES_AGGRESSIVE;
			CLANG_WARN_UNREACHABLE_CODE = YES;
			CLANG_WARN__DUPLICATE_METHOD_MATCH = YES;
			COPY_PHASE_STRIP = NO;
			DEBUG_INFORMATION_FORMAT = dwarf;
			ENABLE_STRICT_OBJC_MSGSEND = YES;
			ENABLE_TESTABILITY = YES;
			ENABLE_USER_SCRIPT_SANDBOXING = YES;
			GCC_C_LANGUAGE_STANDARD = gnu17;
			GCC_DYNAMIC_NO_PIC = NO;
			GCC_NO_COMMON_BLOCKS = YES;
			GCC_OPTIMIZATION_LEVEL = 0;
			GCC_PREPROCESSOR_DEFINITIONS = (
				"DEBUG=1",
				"$(inherited)",
			);
			GCC_WARN_64_TO_32_BIT_CONVERSION = YES;
			GCC_WARN_ABOUT_RETURN_TYPE = YES_ERROR;
			GCC_WARN_UNDECLARED_SELECTOR = YES;
			GCC_WARN_UNINITIALIZED_AUTOS = YES_AGGRESSIVE;
			GCC_WARN_UNUSED_FUNCTION = YES;
			GCC_WARN_UNUSED_VARIABLE = YES;
			IPHONEOS_DEPLOYMENT_TARGET = 17.0;
			MTL_ENABLE_DEBUG_INFO = INCLUDE_SOURCE;
			MTL_FAST_MATH = YES;
			ONLY_ACTIVE_ARCH = YES;
			SDKROOT = iphoneos;
			SWIFT_ACTIVE_COMPILATION_CONDITIONS = "DEBUG $(inherited)";
			SWIFT_OPTIMIZATION_LEVEL = "-Onone";
			};
			name = Debug;
		};
		00000000000000000000005F /* Release */ = {
			isa = XCBuildConfiguration;
			buildSettings = {
			ALWAYS_SEARCH_USER_PATHS = NO;
			ASSETCATALOG_COMPILER_GENERATE_SWIFT_ASSET_SYMBOL_EXTENSIONS = YES;
			CLANG_ANALYZER_NONNULL = YES;
			CLANG_ANALYZER_NUMBER_OBJECT_CONVERSION = YES_AGGRESSIVE;
			CLANG_CXX_LANGUAGE_STANDARD = "gnu++20";
			CLANG_ENABLE_MODULES = YES;
			CLANG_ENABLE_OBJC_ARC = YES;
			CLANG_ENABLE_OBJC_WEAK = YES;
			CLANG_WARN_BLOCK_CAPTURE_AUTORELEASING_UNSAFE_ITER = YES;
			CLANG_WARN_BOOL_CONVERSION = YES;
			CLANG_WARN_COMMA = YES;
			CLANG_WARN_CONSTANT_CONVERSION = YES;
			CLANG_WARN_DEPRECATED_OBJC_IMPLEMENTATIONS = YES;
			CLANG_WARN_DIRECT_OBJC_ISA_USAGE = YES_ERROR;
			CLANG_WARN_DOCUMENTATION_COMMENTS = YES;
			CLANG_WARN_EMPTY_BODY = YES;
			CLANG_WARN_ENUM_CONVERSION = YES;
			CLANG_WARN_INFINITE_RECURSION = YES;
			CLANG_WARN_INT_CONVERSION = YES;
			CLANG_WARN_NON_LITERAL_NULL_CONVERSION = YES;
			CLANG_WARN_OBJC_IMPLICIT_RETAIN_SELF = YES;
			CLANG_WARN_OBJC_LITERAL_CONVERSION = YES;
			CLANG_WARN_OBJC_ROOT_CLASS = YES_ERROR;
			CLANG_WARN_QUOTED_INCLUDE_IN_FRAMEWORK_HEADER = YES;
			CLANG_WARN_RANGE_LOOP_ANALYSIS = YES;
			CLANG_WARN_STRICT_PROTOTYPES = YES;
			CLANG_WARN_SUSPICIOUS_MOVE = YES;
			CLANG_WARN_UNGUARDED_AVAILABILITY = YES_AGGRESSIVE;
			CLANG_WARN_UNREACHABLE_CODE = YES;
			CLANG_WARN__DUPLICATE_METHOD_MATCH = YES;
			COPY_PHASE_STRIP = NO;
			DEBUG_INFORMATION_FORMAT = "dwarf-with-dsym";
			ENABLE_NS_ASSERTIONS = NO;
			ENABLE_STRICT_OBJC_MSGSEND = YES;
			ENABLE_USER_SCRIPT_SANDBOXING = YES;
			GCC_C_LANGUAGE_STANDARD = gnu17;
			GCC_NO_COMMON_BLOCKS = YES;
			GCC_WARN_64_TO_32_BIT_CONVERSION = YES;
			GCC_WARN_ABOUT_RETURN_TYPE = YES_ERROR;
			GCC_WARN_UNDECLARED_SELECTOR = YES;
			GCC_WARN_UNINITIALIZED_AUTOS = YES_AGGRESSIVE;
			GCC_WARN_UNUSED_FUNCTION = YES;
			GCC_WARN_UNUSED_VARIABLE = YES;
			IPHONEOS_DEPLOYMENT_TARGET = 17.0;
			MTL_ENABLE_DEBUG_INFO = NO;
			MTL_FAST_MATH = YES;
			SDKROOT = iphoneos;
			SWIFT_COMPILATION_MODE = wholemodule;
			VALIDATE_PRODUCT = YES;
			};
			name = Release;
		};
		00000000000000000000005B /* Debug */ = {
			isa = XCBuildConfiguration;
			buildSettings = {
			ASSETCATALOG_COMPILER_APPICON_NAME = AppIcon;
			ASSETCATALOG_COMPILER_GLOBAL_ACCENT_COLOR_NAME = AccentColor;
			CODE_SIGN_STYLE = Automatic;
			CURRENT_PROJECT_VERSION = 1;
			DEVELOPMENT_ASSET_PATHS = "";
			ENABLE_PREVIEWS = YES;
			GENERATE_INFOPLIST_FILE = YES;
			INFOPLIST_KEY_CFBundleDisplayName = "Ker Vélo Brière";
			INFOPLIST_KEY_LSApplicationCategoryType = "public.app-category.travel";
			INFOPLIST_KEY_NSHumanReadableCopyright = "";
			INFOPLIST_KEY_UIApplicationSceneManifest_Generation = YES;
			INFOPLIST_KEY_UILaunchScreen_Generation = YES;
			INFOPLIST_KEY_UIStatusBarStyle = UIStatusBarStyleDefault;
			INFOPLIST_KEY_UISupportedInterfaceOrientations = UIInterfaceOrientationPortrait;
			INFOPLIST_KEY_UISupportedInterfaceOrientations_iPad = "UIInterfaceOrientationPortrait UIInterfaceOrientationPortraitUpsideDown UIInterfaceOrientationLandscapeLeft UIInterfaceOrientationLandscapeRight";
			LD_RUNPATH_SEARCH_PATHS = (
				"$(inherited)",
				"@executable_path/Frameworks",
			);
			MARKETING_VERSION = 1.0;
			PRODUCT_BUNDLE_IDENTIFIER = com.kervelobriere.app;
			PRODUCT_NAME = "$(TARGET_NAME)";
			SWIFT_EMIT_LOC_STRINGS = YES;
			SWIFT_VERSION = 5.0;
			TARGETED_DEVICE_FAMILY = "1,2";
			};
			name = Debug;
		};
		00000000000000000000005C /* Release */ = {
			isa = XCBuildConfiguration;
			buildSettings = {
			ASSETCATALOG_COMPILER_APPICON_NAME = AppIcon;
			ASSETCATALOG_COMPILER_GLOBAL_ACCENT_COLOR_NAME = AccentColor;
			CODE_SIGN_STYLE = Automatic;
			CURRENT_PROJECT_VERSION = 1;
			DEVELOPMENT_ASSET_PATHS = "";
			ENABLE_PREVIEWS = YES;
			GENERATE_INFOPLIST_FILE = YES;
			INFOPLIST_KEY_CFBundleDisplayName = "Ker Vélo Brière";
			INFOPLIST_KEY_LSApplicationCategoryType = "public.app-category.travel";
			INFOPLIST_KEY_NSHumanReadableCopyright = "";
			INFOPLIST_KEY_UIApplicationSceneManifest_Generation = YES;
			INFOPLIST_KEY_UILaunchScreen_Generation = YES;
			INFOPLIST_KEY_UIStatusBarStyle = UIStatusBarStyleDefault;
			INFOPLIST_KEY_UISupportedInterfaceOrientations = UIInterfaceOrientationPortrait;
			INFOPLIST_KEY_UISupportedInterfaceOrientations_iPad = "UIInterfaceOrientationPortrait UIInterfaceOrientationPortraitUpsideDown UIInterfaceOrientationLandscapeLeft UIInterfaceOrientationLandscapeRight";
			LD_RUNPATH_SEARCH_PATHS = (
				"$(inherited)",
				"@executable_path/Frameworks",
			);
			MARKETING_VERSION = 1.0;
			PRODUCT_BUNDLE_IDENTIFIER = com.kervelobriere.app;
			PRODUCT_NAME = "$(TARGET_NAME)";
			SWIFT_EMIT_LOC_STRINGS = YES;
			SWIFT_VERSION = 5.0;
			TARGETED_DEVICE_FAMILY = "1,2";
			};
			name = Release;
		};
/* End XCBuildConfiguration section */

/* Begin XCConfigurationList section */
		000000000000000000000060 /* Build configuration list for PBXProject "Velobriere" */ = {
			isa = XCConfigurationList;
			buildConfigurations = (
				00000000000000000000005E /* Debug */,
				00000000000000000000005F /* Release */,
			);
			defaultConfigurationIsVisible = 0;
			defaultConfigurationName = Release;
		};
		00000000000000000000005D /* Build configuration list for PBXNativeTarget "Velobriere" */ = {
			isa = XCConfigurationList;
			buildConfigurations = (
				00000000000000000000005B /* Debug */,
				00000000000000000000005C /* Release */,
			);
			defaultConfigurationIsVisible = 0;
			defaultConfigurationName = Release;
		};
/* End XCConfigurationList section */
	};
	rootObject = 000000000000000000000057 /* Project object */;
}
